<?xml version="1.0" encoding="utf-8"?>
<Project ToolsVersion="4.0" xmlns="http://schemas.microsoft.com/developer/msbuild/2003">
  <ItemGroup>
    <Filter Include="Packet">
      <UniqueIdentifier>{bac3499d-19b0-4000-b2a7-775df4d3bdfb}</UniqueIdentifier>
    </Filter>
    <Filter Include="Object">
      <UniqueIdentifier>{a9eb1e1f-cac0-4d03-b514-fabdfdc8a093}</UniqueIdentifier>
    </Filter>
    <Filter Include="0_Private">
      <UniqueIdentifier>{63c485ce-597d-4a2d-a530-b9814d2619dc}</UniqueIdentifier>
    </Filter>
    <Filter Include="DataTemplate">
      <UniqueIdentifier>{ab6eefd2-55f0-4e0a-a7cd-a56aa32fd300}</UniqueIdentifier>
    </Filter>
    <Filter Include="2_Define">
      <UniqueIdentifier>{bafce0b7-e0d9-40f8-9c90-7a15543c2c48}</UniqueIdentifier>
    </Filter>
    <Filter Include="1_Public">
      <UniqueIdentifier>{f8884896-b119-4fc6-8b8a-b25a4a25486f}</UniqueIdentifier>
    </Filter>
    <Filter Include="Util">
      <UniqueIdentifier>{7819bae1-2f08-4a40-b231-6d0f82fe0b88}</UniqueIdentifier>
    </Filter>
  </ItemGroup>
  <ItemGroup>
    <CustomBuild Include="Protocol.fbs">
      <Filter>Packet</Filter>
    </CustomBuild>
  </ItemGroup>
  <ItemGroup>
    <ClInclude Include="SCCmnPrivate.h">
      <Filter>0_Private</Filter>
    </ClInclude>
    <ClInclude Include="SCCmnPublic.h">
      <Filter>1_Public</Filter>
    </ClInclude>
    <ClInclude Include="SecureValueClass.h">
      <Filter>Util</Filter>
    </ClInclude>
    <ClInclude Include="ServiceDivision.h">
      <Filter>2_Define</Filter>
    </ClInclude>
    <ClInclude Include="GlobalConst.h">
      <Filter>2_Define</Filter>
    </ClInclude>
    <ClInclude Include="GlobalEnum.h">
      <Filter>2_Define</Filter>
    </ClInclude>
    <ClInclude Include="DefineType.h">
      <Filter>2_Define</Filter>
    </ClInclude>
    <ClInclude Include="MasterDB.h">
      <Filter>DataTemplate</Filter>
    </ClInclude>
    <ClInclude Include="SingletonClient.h">
      <Filter>Util</Filter>
    </ClInclude>
    <ClInclude Include="DataProcessManager.h">
      <Filter>DataTemplate</Filter>
    </ClInclude>
    <ClInclude Include="ObjectStats.h">
      <Filter>Object</Filter>
    </ClInclude>
    <ClInclude Include="MathUtil.h">
      <Filter>Util</Filter>
    </ClInclude>
    <ClInclude Include="PilgrimStat.h">
      <Filter>Object</Filter>
    </ClInclude>
    <ClInclude Include="ObjectStatsManager.h">
      <Filter>Object</Filter>
    </ClInclude>
    <ClInclude Include="Protocol_generated.h">
      <Filter>Packet</Filter>
    </ClInclude>
  </ItemGroup>
  <ItemGroup>
    <ClCompile Include="SCCmnPrivate.cpp">
      <Filter>0_Private</Filter>
    </ClCompile>
    <ClCompile Include="MasterDB.cpp">
      <Filter>DataTemplate</Filter>
    </ClCompile>
    <ClCompile Include="DataProcessManager.cpp">
      <Filter>DataTemplate</Filter>
    </ClCompile>
    <ClCompile Include="ObjectStats.cpp">
      <Filter>Object</Filter>
    </ClCompile>
    <ClCompile Include="PilgrimStat.cpp">
      <Filter>Object</Filter>
    </ClCompile>
    <ClCompile Include="ObjectStatsManager.cpp">
      <Filter>Object</Filter>
    </ClCompile>
  </ItemGroup>
</Project>