<?xml version="1.0" encoding="utf-8"?>
<Project ToolsVersion="4.0" xmlns="http://schemas.microsoft.com/developer/msbuild/2003">
  <ItemGroup>
    <Filter Include="0_Private">
      <UniqueIdentifier>{d0dc0bad-29e8-4514-a689-70d8a5b7dd2a}</UniqueIdentifier>
    </Filter>
    <Filter Include="1_Main">
      <UniqueIdentifier>{68fb0316-11cc-433a-8c99-ab69809847d3}</UniqueIdentifier>
    </Filter>
  </ItemGroup>
  <ItemGroup>
    <ClCompile Include="Main.cpp">
      <Filter>0_Private</Filter>
    </ClCompile>
    <ClCompile Include="pch.cpp">
      <Filter>0_Private</Filter>
    </ClCompile>
    <ClCompile Include="PGameServerApp.cpp">
      <Filter>0_Private</Filter>
    </ClCompile>
    <ClCompile Include="GameService.cpp">
      <Filter>1_Main</Filter>
    </ClCompile>
    <ClCompile Include="GSNetworkEventSync.cpp">
      <Filter>1_Main</Filter>
    </ClCompile>
  </ItemGroup>
  <ItemGroup>
    <ClInclude Include="pch.h">
      <Filter>0_Private</Filter>
    </ClInclude>
    <ClInclude Include="PGameServerApp.h">
      <Filter>0_Private</Filter>
    </ClInclude>
    <ClInclude Include="GameService.h">
      <Filter>1_Main</Filter>
    </ClInclude>
    <ClInclude Include="GSNetworkEventSync.h">
      <Filter>1_Main</Filter>
    </ClInclude>
  </ItemGroup>
</Project>