
Microsoft Visual Studio Solution File, Format Version 12.00
# Visual Studio Version 17
VisualStudioVersion = 17.7.34031.279
MinimumVisualStudioVersion = 10.0.40219.1
Project("{2150E333-8FDC-42A3-9474-1A3956D46DE8}") = "1_SCCommon", "1_SCCommon", "{91500113-C082-4C13-A43F-91AD140BCFF8}"
EndProject
Project("{2150E333-8FDC-42A3-9474-1A3956D46DE8}") = "2_Servers", "2_Servers", "{374ABF12-B456-4F37-945E-2E79133E502D}"
EndProject
Project("{2150E333-8FDC-42A3-9474-1A3956D46DE8}") = "1_Login", "1_Login", "{49AC6131-DEE8-4771-87E3-A0395D829C07}"
EndProject
Project("{2150E333-8FDC-42A3-9474-1A3956D46DE8}") = "2_Game", "2_Game", "{C963BABB-28E1-42EF-BC30-08F47B98BA22}"
EndProject
Project("{2150E333-8FDC-42A3-9474-1A3956D46DE8}") = "3_Log", "3_Log", "{9F81F901-2A17-40FA-AC4C-C1968FCF2B7E}"
EndProject
Project("{2150E333-8FDC-42A3-9474-1A3956D46DE8}") = "4_Messenger", "4_Messenger", "{36362AED-51B4-4563-A2A7-CCF7311B879D}"
EndProject
Project("{2150E333-8FDC-42A3-9474-1A3956D46DE8}") = "0_Common", "0_Common", "{98FCE441-6311-4294-B1FF-4AD62A1EC03C}"
EndProject
Project("{8BC9CEB8-8B4A-11D0-8D11-00A0C91BC942}") = "SCCmn_forServer", "..\Common\SCCmn\SCCmn.vcxproj", "{2D4A782D-4C78-4B7F-9FC4-99CE2872BD78}"
EndProject
Project("{8BC9CEB8-8B4A-11D0-8D11-00A0C91BC942}") = "SCore", "SCore\SCore.vcxproj", "{D69567C3-8AE4-4154-AF8D-D17D8D3D4700}"
	ProjectSection(ProjectDependencies) = postProject
		{CC266EA2-6621-4827-9915-F25E33044396} = {CC266EA2-6621-4827-9915-F25E33044396}
	EndProjectSection
EndProject
Project("{8BC9CEB8-8B4A-11D0-8D11-00A0C91BC942}") = "SCommon", "SCommon\SCommon.vcxproj", "{CC266EA2-6621-4827-9915-F25E33044396}"
EndProject
Project("{2150E333-8FDC-42A3-9474-1A3956D46DE8}") = "99_UnitTest", "99_UnitTest", "{61B2167C-14AF-4BCC-A4B1-7E4B32E5E77C}"
EndProject
Project("{8BC9CEB8-8B4A-11D0-8D11-00A0C91BC942}") = "PGServer", "PGServer\PGServer.vcxproj", "{7DCFD784-E6D3-4045-9E10-2A00A370307A}"
	ProjectSection(ProjectDependencies) = postProject
		{2D4A782D-4C78-4B7F-9FC4-99CE2872BD78} = {2D4A782D-4C78-4B7F-9FC4-99CE2872BD78}
		{67B5C6E7-4970-491E-826B-CE390A3BBB92} = {67B5C6E7-4970-491E-826B-CE390A3BBB92}
		{CC266EA2-6621-4827-9915-F25E33044396} = {CC266EA2-6621-4827-9915-F25E33044396}
		{D69567C3-8AE4-4154-AF8D-D17D8D3D4700} = {D69567C3-8AE4-4154-AF8D-D17D8D3D4700}
	EndProjectSection
EndProject
Project("{8BC9CEB8-8B4A-11D0-8D11-00A0C91BC942}") = "PGPublic", "PGPublic\PGPublic.vcxproj", "{67B5C6E7-4970-491E-826B-CE390A3BBB92}"
	ProjectSection(ProjectDependencies) = postProject
		{2D4A782D-4C78-4B7F-9FC4-99CE2872BD78} = {2D4A782D-4C78-4B7F-9FC4-99CE2872BD78}
		{D69567C3-8AE4-4154-AF8D-D17D8D3D4700} = {D69567C3-8AE4-4154-AF8D-D17D8D3D4700}
	EndProjectSection
EndProject
Project("{8BC9CEB8-8B4A-11D0-8D11-00A0C91BC942}") = "PGLogin", "PGLogin\PGLogin.vcxproj", "{3FF8E663-B482-4790-B826-A460D0D1306F}"
	ProjectSection(ProjectDependencies) = postProject
		{67B5C6E7-4970-491E-826B-CE390A3BBB92} = {67B5C6E7-4970-491E-826B-CE390A3BBB92}
		{D69567C3-8AE4-4154-AF8D-D17D8D3D4700} = {D69567C3-8AE4-4154-AF8D-D17D8D3D4700}
	EndProjectSection
EndProject
Project("{2150E333-8FDC-42A3-9474-1A3956D46DE8}") = "SolutionConfig", "SolutionConfig", "{406B5D4D-E25F-42B0-A655-1573926F2714}"
	ProjectSection(SolutionItems) = preProject
		.editorconfig = .editorconfig
		..\.gitignore = ..\.gitignore
		..\README.md = ..\README.md
	EndProjectSection
EndProject
Project("{2150E333-8FDC-42A3-9474-1A3956D46DE8}") = "3_SQL", "3_SQL", "{FA672492-B5BA-4DFB-B308-2A82F05A4B16}"
EndProject
Project("{2150E333-8FDC-42A3-9474-1A3956D46DE8}") = "2_Game", "2_Game", "{14F37020-FE4E-4EDB-9BA5-B5C0790F2EE5}"
EndProject
Project("{2150E333-8FDC-42A3-9474-1A3956D46DE8}") = "1_Tables", "1_Tables", "{1FC83C45-AFB6-4052-8CF8-1CCA977C39CD}"
EndProject
Project("{2150E333-8FDC-42A3-9474-1A3956D46DE8}") = "2_StoredProcedure", "2_StoredProcedure", "{AF8E2C52-A36C-45C1-8CF3-78F31AD1D3C9}"
EndProject
Project("{00D1A9C2-B5F0-4AF3-8072-F6C62B433612}") = "Account", "SQL\Account\Account.sqlproj", "{469C540A-AB60-4452-83D4-842797A3CE76}"
EndProject
Project("{FAE04EC0-301F-11D3-BF4B-00C04F79EFBC}") = "BotClient", "99_UnitTest\BotClient\BotClient.csproj", "{AE0EB6BB-461E-479B-8B32-12925517CF5A}"
EndProject
Project("{8BC9CEB8-8B4A-11D0-8D11-00A0C91BC942}") = "PGPublic_Test", "99_UnitTest\PGPublic_Test\PGPublic_Test.vcxproj", "{FC5025CA-F841-4A05-B2FE-9A867A796D64}"
EndProject
Global
	GlobalSection(SolutionConfigurationPlatforms) = preSolution
		Debug|Any CPU = Debug|Any CPU
		Debug|x64 = Debug|x64
		Debug|x86 = Debug|x86
		Release_Dev|Any CPU = Release_Dev|Any CPU
		Release_Dev|x64 = Release_Dev|x64
		Release_Dev|x86 = Release_Dev|x86
		Release|Any CPU = Release|Any CPU
		Release|x64 = Release|x64
		Release|x86 = Release|x86
	EndGlobalSection
	GlobalSection(ProjectConfigurationPlatforms) = postSolution
		{2D4A782D-4C78-4B7F-9FC4-99CE2872BD78}.Debug|Any CPU.ActiveCfg = Debug|x64
		{2D4A782D-4C78-4B7F-9FC4-99CE2872BD78}.Debug|Any CPU.Build.0 = Debug|x64
		{2D4A782D-4C78-4B7F-9FC4-99CE2872BD78}.Debug|x64.ActiveCfg = Debug|x64
		{2D4A782D-4C78-4B7F-9FC4-99CE2872BD78}.Debug|x64.Build.0 = Debug|x64
		{2D4A782D-4C78-4B7F-9FC4-99CE2872BD78}.Debug|x86.ActiveCfg = Debug|Win32
		{2D4A782D-4C78-4B7F-9FC4-99CE2872BD78}.Debug|x86.Build.0 = Debug|Win32
		{2D4A782D-4C78-4B7F-9FC4-99CE2872BD78}.Release_Dev|Any CPU.ActiveCfg = Release_Dev|x64
		{2D4A782D-4C78-4B7F-9FC4-99CE2872BD78}.Release_Dev|Any CPU.Build.0 = Release_Dev|x64
		{2D4A782D-4C78-4B7F-9FC4-99CE2872BD78}.Release_Dev|x64.ActiveCfg = Debug|x64
		{2D4A782D-4C78-4B7F-9FC4-99CE2872BD78}.Release_Dev|x64.Build.0 = Debug|x64
		{2D4A782D-4C78-4B7F-9FC4-99CE2872BD78}.Release_Dev|x86.ActiveCfg = Release_Dev|Win32
		{2D4A782D-4C78-4B7F-9FC4-99CE2872BD78}.Release_Dev|x86.Build.0 = Release_Dev|Win32
		{2D4A782D-4C78-4B7F-9FC4-99CE2872BD78}.Release|Any CPU.ActiveCfg = Release|x64
		{2D4A782D-4C78-4B7F-9FC4-99CE2872BD78}.Release|Any CPU.Build.0 = Release|x64
		{2D4A782D-4C78-4B7F-9FC4-99CE2872BD78}.Release|x64.ActiveCfg = Release|x64
		{2D4A782D-4C78-4B7F-9FC4-99CE2872BD78}.Release|x64.Build.0 = Release|x64
		{2D4A782D-4C78-4B7F-9FC4-99CE2872BD78}.Release|x86.ActiveCfg = Release|Win32
		{2D4A782D-4C78-4B7F-9FC4-99CE2872BD78}.Release|x86.Build.0 = Release|Win32
		{D69567C3-8AE4-4154-AF8D-D17D8D3D4700}.Debug|Any CPU.ActiveCfg = Debug|x64
		{D69567C3-8AE4-4154-AF8D-D17D8D3D4700}.Debug|Any CPU.Build.0 = Debug|x64
		{D69567C3-8AE4-4154-AF8D-D17D8D3D4700}.Debug|x64.ActiveCfg = Release_Dev|x64
		{D69567C3-8AE4-4154-AF8D-D17D8D3D4700}.Debug|x64.Build.0 = Release_Dev|x64
		{D69567C3-8AE4-4154-AF8D-D17D8D3D4700}.Debug|x86.ActiveCfg = Debug|Win32
		{D69567C3-8AE4-4154-AF8D-D17D8D3D4700}.Debug|x86.Build.0 = Debug|Win32
		{D69567C3-8AE4-4154-AF8D-D17D8D3D4700}.Release_Dev|Any CPU.ActiveCfg = Release_Dev|x64
		{D69567C3-8AE4-4154-AF8D-D17D8D3D4700}.Release_Dev|Any CPU.Build.0 = Release_Dev|x64
		{D69567C3-8AE4-4154-AF8D-D17D8D3D4700}.Release_Dev|x64.ActiveCfg = Release_Dev|x64
		{D69567C3-8AE4-4154-AF8D-D17D8D3D4700}.Release_Dev|x64.Build.0 = Release_Dev|x64
		{D69567C3-8AE4-4154-AF8D-D17D8D3D4700}.Release_Dev|x86.ActiveCfg = Release_Dev|Win32
		{D69567C3-8AE4-4154-AF8D-D17D8D3D4700}.Release_Dev|x86.Build.0 = Release_Dev|Win32
		{D69567C3-8AE4-4154-AF8D-D17D8D3D4700}.Release|Any CPU.ActiveCfg = Release|x64
		{D69567C3-8AE4-4154-AF8D-D17D8D3D4700}.Release|Any CPU.Build.0 = Release|x64
		{D69567C3-8AE4-4154-AF8D-D17D8D3D4700}.Release|x64.ActiveCfg = Release|x64
		{D69567C3-8AE4-4154-AF8D-D17D8D3D4700}.Release|x64.Build.0 = Release|x64
		{D69567C3-8AE4-4154-AF8D-D17D8D3D4700}.Release|x86.ActiveCfg = Release|Win32
		{D69567C3-8AE4-4154-AF8D-D17D8D3D4700}.Release|x86.Build.0 = Release|Win32
		{CC266EA2-6621-4827-9915-F25E33044396}.Debug|Any CPU.ActiveCfg = Debug|x64
		{CC266EA2-6621-4827-9915-F25E33044396}.Debug|Any CPU.Build.0 = Debug|x64
		{CC266EA2-6621-4827-9915-F25E33044396}.Debug|x64.ActiveCfg = Debug|x64
		{CC266EA2-6621-4827-9915-F25E33044396}.Debug|x64.Build.0 = Debug|x64
		{CC266EA2-6621-4827-9915-F25E33044396}.Debug|x86.ActiveCfg = Debug|Win32
		{CC266EA2-6621-4827-9915-F25E33044396}.Debug|x86.Build.0 = Debug|Win32
		{CC266EA2-6621-4827-9915-F25E33044396}.Release_Dev|Any CPU.ActiveCfg = Release_Dev|x64
		{CC266EA2-6621-4827-9915-F25E33044396}.Release_Dev|Any CPU.Build.0 = Release_Dev|x64
		{CC266EA2-6621-4827-9915-F25E33044396}.Release_Dev|x64.ActiveCfg = Release_Dev|x64
		{CC266EA2-6621-4827-9915-F25E33044396}.Release_Dev|x64.Build.0 = Release_Dev|x64
		{CC266EA2-6621-4827-9915-F25E33044396}.Release_Dev|x86.ActiveCfg = Release_Dev|Win32
		{CC266EA2-6621-4827-9915-F25E33044396}.Release_Dev|x86.Build.0 = Release_Dev|Win32
		{CC266EA2-6621-4827-9915-F25E33044396}.Release|Any CPU.ActiveCfg = Release|x64
		{CC266EA2-6621-4827-9915-F25E33044396}.Release|Any CPU.Build.0 = Release|x64
		{CC266EA2-6621-4827-9915-F25E33044396}.Release|x64.ActiveCfg = Release|x64
		{CC266EA2-6621-4827-9915-F25E33044396}.Release|x64.Build.0 = Release|x64
		{CC266EA2-6621-4827-9915-F25E33044396}.Release|x86.ActiveCfg = Release|Win32
		{CC266EA2-6621-4827-9915-F25E33044396}.Release|x86.Build.0 = Release|Win32
		{7DCFD784-E6D3-4045-9E10-2A00A370307A}.Debug|Any CPU.ActiveCfg = Debug|x64
		{7DCFD784-E6D3-4045-9E10-2A00A370307A}.Debug|Any CPU.Build.0 = Debug|x64
		{7DCFD784-E6D3-4045-9E10-2A00A370307A}.Debug|x64.ActiveCfg = Debug|x64
		{7DCFD784-E6D3-4045-9E10-2A00A370307A}.Debug|x64.Build.0 = Debug|x64
		{7DCFD784-E6D3-4045-9E10-2A00A370307A}.Debug|x86.ActiveCfg = Debug|Win32
		{7DCFD784-E6D3-4045-9E10-2A00A370307A}.Debug|x86.Build.0 = Debug|Win32
		{7DCFD784-E6D3-4045-9E10-2A00A370307A}.Release_Dev|Any CPU.ActiveCfg = Release_Dev|x64
		{7DCFD784-E6D3-4045-9E10-2A00A370307A}.Release_Dev|Any CPU.Build.0 = Release_Dev|x64
		{7DCFD784-E6D3-4045-9E10-2A00A370307A}.Release_Dev|x64.ActiveCfg = Release|x64
		{7DCFD784-E6D3-4045-9E10-2A00A370307A}.Release_Dev|x64.Build.0 = Release|x64
		{7DCFD784-E6D3-4045-9E10-2A00A370307A}.Release_Dev|x86.ActiveCfg = Release_Dev|Win32
		{7DCFD784-E6D3-4045-9E10-2A00A370307A}.Release_Dev|x86.Build.0 = Release_Dev|Win32
		{7DCFD784-E6D3-4045-9E10-2A00A370307A}.Release|Any CPU.ActiveCfg = Release|x64
		{7DCFD784-E6D3-4045-9E10-2A00A370307A}.Release|Any CPU.Build.0 = Release|x64
		{7DCFD784-E6D3-4045-9E10-2A00A370307A}.Release|x64.ActiveCfg = Release|x64
		{7DCFD784-E6D3-4045-9E10-2A00A370307A}.Release|x64.Build.0 = Release|x64
		{7DCFD784-E6D3-4045-9E10-2A00A370307A}.Release|x86.ActiveCfg = Release|Win32
		{7DCFD784-E6D3-4045-9E10-2A00A370307A}.Release|x86.Build.0 = Release|Win32
		{67B5C6E7-4970-491E-826B-CE390A3BBB92}.Debug|Any CPU.ActiveCfg = Debug|x64
		{67B5C6E7-4970-491E-826B-CE390A3BBB92}.Debug|Any CPU.Build.0 = Debug|x64
		{67B5C6E7-4970-491E-826B-CE390A3BBB92}.Debug|x64.ActiveCfg = Debug|x64
		{67B5C6E7-4970-491E-826B-CE390A3BBB92}.Debug|x64.Build.0 = Debug|x64
		{67B5C6E7-4970-491E-826B-CE390A3BBB92}.Debug|x86.ActiveCfg = Debug|Win32
		{67B5C6E7-4970-491E-826B-CE390A3BBB92}.Debug|x86.Build.0 = Debug|Win32
		{67B5C6E7-4970-491E-826B-CE390A3BBB92}.Release_Dev|Any CPU.ActiveCfg = Release_Dev|x64
		{67B5C6E7-4970-491E-826B-CE390A3BBB92}.Release_Dev|Any CPU.Build.0 = Release_Dev|x64
		{67B5C6E7-4970-491E-826B-CE390A3BBB92}.Release_Dev|x64.ActiveCfg = Release|x64
		{67B5C6E7-4970-491E-826B-CE390A3BBB92}.Release_Dev|x64.Build.0 = Release|x64
		{67B5C6E7-4970-491E-826B-CE390A3BBB92}.Release_Dev|x86.ActiveCfg = Release_Dev|Win32
		{67B5C6E7-4970-491E-826B-CE390A3BBB92}.Release_Dev|x86.Build.0 = Release_Dev|Win32
		{67B5C6E7-4970-491E-826B-CE390A3BBB92}.Release|Any CPU.ActiveCfg = Release|x64
		{67B5C6E7-4970-491E-826B-CE390A3BBB92}.Release|Any CPU.Build.0 = Release|x64
		{67B5C6E7-4970-491E-826B-CE390A3BBB92}.Release|x64.ActiveCfg = Release|x64
		{67B5C6E7-4970-491E-826B-CE390A3BBB92}.Release|x64.Build.0 = Release|x64
		{67B5C6E7-4970-491E-826B-CE390A3BBB92}.Release|x86.ActiveCfg = Release|Win32
		{67B5C6E7-4970-491E-826B-CE390A3BBB92}.Release|x86.Build.0 = Release|Win32
		{3FF8E663-B482-4790-B826-A460D0D1306F}.Debug|Any CPU.ActiveCfg = Debug|x64
		{3FF8E663-B482-4790-B826-A460D0D1306F}.Debug|Any CPU.Build.0 = Debug|x64
		{3FF8E663-B482-4790-B826-A460D0D1306F}.Debug|x64.ActiveCfg = Debug|x64
		{3FF8E663-B482-4790-B826-A460D0D1306F}.Debug|x64.Build.0 = Debug|x64
		{3FF8E663-B482-4790-B826-A460D0D1306F}.Debug|x86.ActiveCfg = Debug|Win32
		{3FF8E663-B482-4790-B826-A460D0D1306F}.Debug|x86.Build.0 = Debug|Win32
		{3FF8E663-B482-4790-B826-A460D0D1306F}.Release_Dev|Any CPU.ActiveCfg = Release|x64
		{3FF8E663-B482-4790-B826-A460D0D1306F}.Release_Dev|Any CPU.Build.0 = Release|x64
		{3FF8E663-B482-4790-B826-A460D0D1306F}.Release_Dev|x64.ActiveCfg = Release|x64
		{3FF8E663-B482-4790-B826-A460D0D1306F}.Release_Dev|x64.Build.0 = Release|x64
		{3FF8E663-B482-4790-B826-A460D0D1306F}.Release_Dev|x86.ActiveCfg = Release|Win32
		{3FF8E663-B482-4790-B826-A460D0D1306F}.Release_Dev|x86.Build.0 = Release|Win32
		{3FF8E663-B482-4790-B826-A460D0D1306F}.Release|Any CPU.ActiveCfg = Release|x64
		{3FF8E663-B482-4790-B826-A460D0D1306F}.Release|Any CPU.Build.0 = Release|x64
		{3FF8E663-B482-4790-B826-A460D0D1306F}.Release|x64.ActiveCfg = Release|x64
		{3FF8E663-B482-4790-B826-A460D0D1306F}.Release|x64.Build.0 = Release|x64
		{3FF8E663-B482-4790-B826-A460D0D1306F}.Release|x86.ActiveCfg = Release|Win32
		{3FF8E663-B482-4790-B826-A460D0D1306F}.Release|x86.Build.0 = Release|Win32
		{469C540A-AB60-4452-83D4-842797A3CE76}.Debug|Any CPU.ActiveCfg = Debug|Any CPU
		{469C540A-AB60-4452-83D4-842797A3CE76}.Debug|Any CPU.Build.0 = Debug|Any CPU
		{469C540A-AB60-4452-83D4-842797A3CE76}.Debug|Any CPU.Deploy.0 = Debug|Any CPU
		{469C540A-AB60-4452-83D4-842797A3CE76}.Debug|x64.ActiveCfg = Debug|Any CPU
		{469C540A-AB60-4452-83D4-842797A3CE76}.Debug|x64.Build.0 = Debug|Any CPU
		{469C540A-AB60-4452-83D4-842797A3CE76}.Debug|x64.Deploy.0 = Debug|Any CPU
		{469C540A-AB60-4452-83D4-842797A3CE76}.Debug|x86.ActiveCfg = Debug|Any CPU
		{469C540A-AB60-4452-83D4-842797A3CE76}.Debug|x86.Build.0 = Debug|Any CPU
		{469C540A-AB60-4452-83D4-842797A3CE76}.Debug|x86.Deploy.0 = Debug|Any CPU
		{469C540A-AB60-4452-83D4-842797A3CE76}.Release_Dev|Any CPU.ActiveCfg = Release|Any CPU
		{469C540A-AB60-4452-83D4-842797A3CE76}.Release_Dev|Any CPU.Build.0 = Release|Any CPU
		{469C540A-AB60-4452-83D4-842797A3CE76}.Release_Dev|Any CPU.Deploy.0 = Release|Any CPU
		{469C540A-AB60-4452-83D4-842797A3CE76}.Release_Dev|x64.ActiveCfg = Release|Any CPU
		{469C540A-AB60-4452-83D4-842797A3CE76}.Release_Dev|x64.Build.0 = Release|Any CPU
		{469C540A-AB60-4452-83D4-842797A3CE76}.Release_Dev|x64.Deploy.0 = Release|Any CPU
		{469C540A-AB60-4452-83D4-842797A3CE76}.Release_Dev|x86.ActiveCfg = Release|Any CPU
		{469C540A-AB60-4452-83D4-842797A3CE76}.Release_Dev|x86.Build.0 = Release|Any CPU
		{469C540A-AB60-4452-83D4-842797A3CE76}.Release_Dev|x86.Deploy.0 = Release|Any CPU
		{469C540A-AB60-4452-83D4-842797A3CE76}.Release|Any CPU.ActiveCfg = Release|Any CPU
		{469C540A-AB60-4452-83D4-842797A3CE76}.Release|Any CPU.Build.0 = Release|Any CPU
		{469C540A-AB60-4452-83D4-842797A3CE76}.Release|Any CPU.Deploy.0 = Release|Any CPU
		{469C540A-AB60-4452-83D4-842797A3CE76}.Release|x64.ActiveCfg = Release|Any CPU
		{469C540A-AB60-4452-83D4-842797A3CE76}.Release|x64.Build.0 = Release|Any CPU
		{469C540A-AB60-4452-83D4-842797A3CE76}.Release|x64.Deploy.0 = Release|Any CPU
		{469C540A-AB60-4452-83D4-842797A3CE76}.Release|x86.ActiveCfg = Release|Any CPU
		{469C540A-AB60-4452-83D4-842797A3CE76}.Release|x86.Build.0 = Release|Any CPU
		{469C540A-AB60-4452-83D4-842797A3CE76}.Release|x86.Deploy.0 = Release|Any CPU
		{AE0EB6BB-461E-479B-8B32-12925517CF5A}.Debug|Any CPU.ActiveCfg = Debug|Any CPU
		{AE0EB6BB-461E-479B-8B32-12925517CF5A}.Debug|Any CPU.Build.0 = Debug|Any CPU
		{AE0EB6BB-461E-479B-8B32-12925517CF5A}.Debug|x64.ActiveCfg = Debug|Any CPU
		{AE0EB6BB-461E-479B-8B32-12925517CF5A}.Debug|x64.Build.0 = Debug|Any CPU
		{AE0EB6BB-461E-479B-8B32-12925517CF5A}.Debug|x86.ActiveCfg = Debug|Any CPU
		{AE0EB6BB-461E-479B-8B32-12925517CF5A}.Debug|x86.Build.0 = Debug|Any CPU
		{AE0EB6BB-461E-479B-8B32-12925517CF5A}.Release_Dev|Any CPU.ActiveCfg = Release|Any CPU
		{AE0EB6BB-461E-479B-8B32-12925517CF5A}.Release_Dev|Any CPU.Build.0 = Release|Any CPU
		{AE0EB6BB-461E-479B-8B32-12925517CF5A}.Release_Dev|x64.ActiveCfg = Release|Any CPU
		{AE0EB6BB-461E-479B-8B32-12925517CF5A}.Release_Dev|x64.Build.0 = Release|Any CPU
		{AE0EB6BB-461E-479B-8B32-12925517CF5A}.Release_Dev|x86.ActiveCfg = Release|Any CPU
		{AE0EB6BB-461E-479B-8B32-12925517CF5A}.Release_Dev|x86.Build.0 = Release|Any CPU
		{AE0EB6BB-461E-479B-8B32-12925517CF5A}.Release|Any CPU.ActiveCfg = Release|Any CPU
		{AE0EB6BB-461E-479B-8B32-12925517CF5A}.Release|Any CPU.Build.0 = Release|Any CPU
		{AE0EB6BB-461E-479B-8B32-12925517CF5A}.Release|x64.ActiveCfg = Release|Any CPU
		{AE0EB6BB-461E-479B-8B32-12925517CF5A}.Release|x64.Build.0 = Release|Any CPU
		{AE0EB6BB-461E-479B-8B32-12925517CF5A}.Release|x86.ActiveCfg = Release|Any CPU
		{AE0EB6BB-461E-479B-8B32-12925517CF5A}.Release|x86.Build.0 = Release|Any CPU
		{FC5025CA-F841-4A05-B2FE-9A867A796D64}.Debug|Any CPU.ActiveCfg = Debug|x64
		{FC5025CA-F841-4A05-B2FE-9A867A796D64}.Debug|Any CPU.Build.0 = Debug|x64
		{FC5025CA-F841-4A05-B2FE-9A867A796D64}.Debug|x64.ActiveCfg = Debug|x64
		{FC5025CA-F841-4A05-B2FE-9A867A796D64}.Debug|x64.Build.0 = Debug|x64
		{FC5025CA-F841-4A05-B2FE-9A867A796D64}.Debug|x86.ActiveCfg = Debug|Win32
		{FC5025CA-F841-4A05-B2FE-9A867A796D64}.Debug|x86.Build.0 = Debug|Win32
		{FC5025CA-F841-4A05-B2FE-9A867A796D64}.Release_Dev|Any CPU.ActiveCfg = Release|x64
		{FC5025CA-F841-4A05-B2FE-9A867A796D64}.Release_Dev|Any CPU.Build.0 = Release|x64
		{FC5025CA-F841-4A05-B2FE-9A867A796D64}.Release_Dev|x64.ActiveCfg = Release|x64
		{FC5025CA-F841-4A05-B2FE-9A867A796D64}.Release_Dev|x64.Build.0 = Release|x64
		{FC5025CA-F841-4A05-B2FE-9A867A796D64}.Release_Dev|x86.ActiveCfg = Release|Win32
		{FC5025CA-F841-4A05-B2FE-9A867A796D64}.Release_Dev|x86.Build.0 = Release|Win32
		{FC5025CA-F841-4A05-B2FE-9A867A796D64}.Release|Any CPU.ActiveCfg = Release|x64
		{FC5025CA-F841-4A05-B2FE-9A867A796D64}.Release|Any CPU.Build.0 = Release|x64
		{FC5025CA-F841-4A05-B2FE-9A867A796D64}.Release|x64.ActiveCfg = Release|x64
		{FC5025CA-F841-4A05-B2FE-9A867A796D64}.Release|x64.Build.0 = Release|x64
		{FC5025CA-F841-4A05-B2FE-9A867A796D64}.Release|x86.ActiveCfg = Release|Win32
		{FC5025CA-F841-4A05-B2FE-9A867A796D64}.Release|x86.Build.0 = Release|Win32
	EndGlobalSection
	GlobalSection(SolutionProperties) = preSolution
		HideSolutionNode = FALSE
	EndGlobalSection
	GlobalSection(NestedProjects) = preSolution
		{49AC6131-DEE8-4771-87E3-A0395D829C07} = {374ABF12-B456-4F37-945E-2E79133E502D}
		{C963BABB-28E1-42EF-BC30-08F47B98BA22} = {374ABF12-B456-4F37-945E-2E79133E502D}
		{9F81F901-2A17-40FA-AC4C-C1968FCF2B7E} = {374ABF12-B456-4F37-945E-2E79133E502D}
		{36362AED-51B4-4563-A2A7-CCF7311B879D} = {374ABF12-B456-4F37-945E-2E79133E502D}
		{98FCE441-6311-4294-B1FF-4AD62A1EC03C} = {374ABF12-B456-4F37-945E-2E79133E502D}
		{2D4A782D-4C78-4B7F-9FC4-99CE2872BD78} = {91500113-C082-4C13-A43F-91AD140BCFF8}
		{D69567C3-8AE4-4154-AF8D-D17D8D3D4700} = {98FCE441-6311-4294-B1FF-4AD62A1EC03C}
		{CC266EA2-6621-4827-9915-F25E33044396} = {98FCE441-6311-4294-B1FF-4AD62A1EC03C}
		{61B2167C-14AF-4BCC-A4B1-7E4B32E5E77C} = {374ABF12-B456-4F37-945E-2E79133E502D}
		{7DCFD784-E6D3-4045-9E10-2A00A370307A} = {C963BABB-28E1-42EF-BC30-08F47B98BA22}
		{67B5C6E7-4970-491E-826B-CE390A3BBB92} = {98FCE441-6311-4294-B1FF-4AD62A1EC03C}
		{3FF8E663-B482-4790-B826-A460D0D1306F} = {49AC6131-DEE8-4771-87E3-A0395D829C07}
		{14F37020-FE4E-4EDB-9BA5-B5C0790F2EE5} = {FA672492-B5BA-4DFB-B308-2A82F05A4B16}
		{1FC83C45-AFB6-4052-8CF8-1CCA977C39CD} = {14F37020-FE4E-4EDB-9BA5-B5C0790F2EE5}
		{AF8E2C52-A36C-45C1-8CF3-78F31AD1D3C9} = {14F37020-FE4E-4EDB-9BA5-B5C0790F2EE5}
		{469C540A-AB60-4452-83D4-842797A3CE76} = {FA672492-B5BA-4DFB-B308-2A82F05A4B16}
		{AE0EB6BB-461E-479B-8B32-12925517CF5A} = {61B2167C-14AF-4BCC-A4B1-7E4B32E5E77C}
		{FC5025CA-F841-4A05-B2FE-9A867A796D64} = {61B2167C-14AF-4BCC-A4B1-7E4B32E5E77C}
	EndGlobalSection
	GlobalSection(ExtensibilityGlobals) = postSolution
		SolutionGuid = {0E81D017-7572-4311-81AE-5BBAB17B8149}
	EndGlobalSection
EndGlobal
