
Microsoft Visual Studio Solution File, Format Version 12.00
# Visual Studio Version 17
VisualStudioVersion = 17.7.34031.279
MinimumVisualStudioVersion = 10.0.40219.1
Project("{2150E333-8FDC-42A3-9474-1A3956D46DE8}") = "SCCommon", "SCCommon", "{91500113-C082-4C13-A43F-91AD140BCFF8}"
EndProject
Project("{2150E333-8FDC-42A3-9474-1A3956D46DE8}") = "Servers", "Servers", "{374ABF12-B456-4F37-945E-2E79133E502D}"
EndProject
Project("{2150E333-8FDC-42A3-9474-1A3956D46DE8}") = "1_Login", "1_Login", "{49AC6131-DEE8-4771-87E3-A0395D829C07}"
EndProject
Project("{2150E333-8FDC-42A3-9474-1A3956D46DE8}") = "2_Game", "2_Game", "{C963BABB-28E1-42EF-BC30-08F47B98BA22}"
EndProject
Project("{2150E333-8FDC-42A3-9474-1A3956D46DE8}") = "3_Log", "3_Log", "{9F81F901-2A17-40FA-AC4C-C1968FCF2B7E}"
EndProject
Project("{2150E333-8FDC-42A3-9474-1A3956D46DE8}") = "4_Messenger", "4_Messenger", "{36362AED-51B4-4563-A2A7-CCF7311B879D}"
EndProject
Project("{2150E333-8FDC-42A3-9474-1A3956D46DE8}") = "0_Common", "0_Common", "{98FCE441-6311-4294-B1FF-4AD62A1EC03C}"
EndProject
Project("{8BC9CEB8-8B4A-11D0-8D11-00A0C91BC942}") = "SCCmn_forServer", "..\Common\SCCmn\SCCmn.vcxproj", "{2D4A782D-4C78-4B7F-9FC4-99CE2872BD78}"
EndProject
Project("{8BC9CEB8-8B4A-11D0-8D11-00A0C91BC942}") = "SCore", "SCore\SCore.vcxproj", "{D69567C3-8AE4-4154-AF8D-D17D8D3D4700}"
EndProject
Project("{2150E333-8FDC-42A3-9474-1A3956D46DE8}") = "솔루션 항목", "솔루션 항목", "{4C6BD6A1-7E27-4D2F-A847-E412B1FC790E}"
	ProjectSection(SolutionItems) = preProject
		..\.gitignore = ..\.gitignore
		..\README.md = ..\README.md
	EndProjectSection
EndProject
Project("{8BC9CEB8-8B4A-11D0-8D11-00A0C91BC942}") = "SCommon", "SCommon\SCommon.vcxproj", "{CC266EA2-6621-4827-9915-F25E33044396}"
EndProject
Project("{2150E333-8FDC-42A3-9474-1A3956D46DE8}") = "99_UnitTest", "99_UnitTest", "{61B2167C-14AF-4BCC-A4B1-7E4B32E5E77C}"
EndProject
Project("{8BC9CEB8-8B4A-11D0-8D11-00A0C91BC942}") = "SCoreTEST", "SCoreTEST\SCoreTEST.vcxproj", "{F33000C9-BDBE-406F-A353-DD1C60956410}"
EndProject
Global
	GlobalSection(SolutionConfigurationPlatforms) = preSolution
		Debug|x64 = Debug|x64
		Debug|x86 = Debug|x86
		Release|x64 = Release|x64
		Release|x86 = Release|x86
	EndGlobalSection
	GlobalSection(ProjectConfigurationPlatforms) = postSolution
		{2D4A782D-4C78-4B7F-9FC4-99CE2872BD78}.Debug|x64.ActiveCfg = Debug|x64
		{2D4A782D-4C78-4B7F-9FC4-99CE2872BD78}.Debug|x64.Build.0 = Debug|x64
		{2D4A782D-4C78-4B7F-9FC4-99CE2872BD78}.Debug|x86.ActiveCfg = Debug|Win32
		{2D4A782D-4C78-4B7F-9FC4-99CE2872BD78}.Debug|x86.Build.0 = Debug|Win32
		{2D4A782D-4C78-4B7F-9FC4-99CE2872BD78}.Release|x64.ActiveCfg = Release|x64
		{2D4A782D-4C78-4B7F-9FC4-99CE2872BD78}.Release|x64.Build.0 = Release|x64
		{2D4A782D-4C78-4B7F-9FC4-99CE2872BD78}.Release|x86.ActiveCfg = Release|Win32
		{2D4A782D-4C78-4B7F-9FC4-99CE2872BD78}.Release|x86.Build.0 = Release|Win32
		{D69567C3-8AE4-4154-AF8D-D17D8D3D4700}.Debug|x64.ActiveCfg = Debug|x64
		{D69567C3-8AE4-4154-AF8D-D17D8D3D4700}.Debug|x64.Build.0 = Debug|x64
		{D69567C3-8AE4-4154-AF8D-D17D8D3D4700}.Debug|x86.ActiveCfg = Debug|Win32
		{D69567C3-8AE4-4154-AF8D-D17D8D3D4700}.Debug|x86.Build.0 = Debug|Win32
		{D69567C3-8AE4-4154-AF8D-D17D8D3D4700}.Release|x64.ActiveCfg = Release|x64
		{D69567C3-8AE4-4154-AF8D-D17D8D3D4700}.Release|x64.Build.0 = Release|x64
		{D69567C3-8AE4-4154-AF8D-D17D8D3D4700}.Release|x86.ActiveCfg = Release|Win32
		{D69567C3-8AE4-4154-AF8D-D17D8D3D4700}.Release|x86.Build.0 = Release|Win32
		{CC266EA2-6621-4827-9915-F25E33044396}.Debug|x64.ActiveCfg = Debug|x64
		{CC266EA2-6621-4827-9915-F25E33044396}.Debug|x64.Build.0 = Debug|x64
		{CC266EA2-6621-4827-9915-F25E33044396}.Debug|x86.ActiveCfg = Debug|Win32
		{CC266EA2-6621-4827-9915-F25E33044396}.Debug|x86.Build.0 = Debug|Win32
		{CC266EA2-6621-4827-9915-F25E33044396}.Release|x64.ActiveCfg = Release|x64
		{CC266EA2-6621-4827-9915-F25E33044396}.Release|x64.Build.0 = Release|x64
		{CC266EA2-6621-4827-9915-F25E33044396}.Release|x86.ActiveCfg = Release|Win32
		{CC266EA2-6621-4827-9915-F25E33044396}.Release|x86.Build.0 = Release|Win32
		{F33000C9-BDBE-406F-A353-DD1C60956410}.Debug|x64.ActiveCfg = Debug|x64
		{F33000C9-BDBE-406F-A353-DD1C60956410}.Debug|x64.Build.0 = Debug|x64
		{F33000C9-BDBE-406F-A353-DD1C60956410}.Debug|x86.ActiveCfg = Debug|Win32
		{F33000C9-BDBE-406F-A353-DD1C60956410}.Debug|x86.Build.0 = Debug|Win32
		{F33000C9-BDBE-406F-A353-DD1C60956410}.Release|x64.ActiveCfg = Release|x64
		{F33000C9-BDBE-406F-A353-DD1C60956410}.Release|x64.Build.0 = Release|x64
		{F33000C9-BDBE-406F-A353-DD1C60956410}.Release|x86.ActiveCfg = Release|Win32
		{F33000C9-BDBE-406F-A353-DD1C60956410}.Release|x86.Build.0 = Release|Win32
	EndGlobalSection
	GlobalSection(SolutionProperties) = preSolution
		HideSolutionNode = FALSE
	EndGlobalSection
	GlobalSection(NestedProjects) = preSolution
		{49AC6131-DEE8-4771-87E3-A0395D829C07} = {374ABF12-B456-4F37-945E-2E79133E502D}
		{C963BABB-28E1-42EF-BC30-08F47B98BA22} = {374ABF12-B456-4F37-945E-2E79133E502D}
		{9F81F901-2A17-40FA-AC4C-C1968FCF2B7E} = {374ABF12-B456-4F37-945E-2E79133E502D}
		{36362AED-51B4-4563-A2A7-CCF7311B879D} = {374ABF12-B456-4F37-945E-2E79133E502D}
		{98FCE441-6311-4294-B1FF-4AD62A1EC03C} = {374ABF12-B456-4F37-945E-2E79133E502D}
		{2D4A782D-4C78-4B7F-9FC4-99CE2872BD78} = {91500113-C082-4C13-A43F-91AD140BCFF8}
		{D69567C3-8AE4-4154-AF8D-D17D8D3D4700} = {98FCE441-6311-4294-B1FF-4AD62A1EC03C}
		{CC266EA2-6621-4827-9915-F25E33044396} = {98FCE441-6311-4294-B1FF-4AD62A1EC03C}
		{61B2167C-14AF-4BCC-A4B1-7E4B32E5E77C} = {374ABF12-B456-4F37-945E-2E79133E502D}
		{F33000C9-BDBE-406F-A353-DD1C60956410} = {61B2167C-14AF-4BCC-A4B1-7E4B32E5E77C}
	EndGlobalSection
	GlobalSection(ExtensibilityGlobals) = postSolution
		SolutionGuid = {0E81D017-7572-4311-81AE-5BBAB17B8149}
	EndGlobalSection
EndGlobal
